
Microsoft Visual Studio Solution File, Format Version 12.00
# Visual Studio Version 16
VisualStudioVersion = 16.0.31729.503
MinimumVisualStudioVersion = 10.0.40219.1
Project("{FAE04EC0-301F-11D3-BF4B-00C04F79EFBC}") = "WindowsFormsApp1", "WindowsFormsApp1\WindowsFormsApp1.csproj", "{67561A20-8E94-4857-A542-AF2C2015A932}"
EndProject
Global
	GlobalSection(SolutionConfigurationPlatforms) = preSolution
		Debug|Any CPU = Debug|Any CPU
		Release|Any CPU = Release|Any CPU
	EndGlobalSection
	GlobalSection(ProjectConfigurationPlatforms) = postSolution
		{67561A20-8E94-4857-A542-AF2C2015A932}.Debug|Any CPU.ActiveCfg = Debug|Any CPU
		{67561A20-8E94-4857-A542-AF2C2015A932}.Debug|Any CPU.Build.0 = Debug|Any CPU
		{67561A20-8E94-4857-A542-AF2C2015A932}.Release|Any CPU.ActiveCfg = Release|Any CPU
		{67561A20-8E94-4857-A542-AF2C2015A932}.Release|Any CPU.Build.0 = Release|Any CPU
	EndGlobalSection
	GlobalSection(SolutionProperties) = preSolution
		HideSolutionNode = FALSE
	EndGlobalSection
	GlobalSection(ExtensibilityGlobals) = postSolution
		SolutionGuid = {9642054B-7112-419D-9AA1-3C1ECEABD58A}
	EndGlobalSection
EndGlobal
